
Microsoft Visual Studio Solution File, Format Version 12.00
# Visual Studio Version 17
VisualStudioVersion = 17.7.34031.279
MinimumVisualStudioVersion = 10.0.40219.1
Project("{9A19103F-16F7-4668-BE54-9A1E7A4F7556}") = "NCrontab.Console", "NCrontab.Console\NCrontab.Console.csproj", "{99E175C8-4698-41B9-B7E1-2521A4A69304}"
EndProject
Project("{9A19103F-16F7-4668-BE54-9A1E7A4F7556}") = "Northwind.AzureFunctions.Service", "Northwind.AzureFunctions.Service\Northwind.AzureFunctions.Service.csproj", "{0011F00E-6B50-41BA-ADD4-7B76011F6C44}"
EndProject
Global
	GlobalSection(SolutionConfigurationPlatforms) = preSolution
		Debug|Any CPU = Debug|Any CPU
		Release|Any CPU = Release|Any CPU
	EndGlobalSection
	GlobalSection(ProjectConfigurationPlatforms) = postSolution
		{99E175C8-4698-41B9-B7E1-2521A4A69304}.Debug|Any CPU.ActiveCfg = Debug|Any CPU
		{99E175C8-4698-41B9-B7E1-2521A4A69304}.Debug|Any CPU.Build.0 = Debug|Any CPU
		{99E175C8-4698-41B9-B7E1-2521A4A69304}.Release|Any CPU.ActiveCfg = Release|Any CPU
		{99E175C8-4698-41B9-B7E1-2521A4A69304}.Release|Any CPU.Build.0 = Release|Any CPU
		{0011F00E-6B50-41BA-ADD4-7B76011F6C44}.Debug|Any CPU.ActiveCfg = Debug|Any CPU
		{0011F00E-6B50-41BA-ADD4-7B76011F6C44}.Debug|Any CPU.Build.0 = Debug|Any CPU
		{0011F00E-6B50-41BA-ADD4-7B76011F6C44}.Release|Any CPU.ActiveCfg = Release|Any CPU
		{0011F00E-6B50-41BA-ADD4-7B76011F6C44}.Release|Any CPU.Build.0 = Release|Any CPU
	EndGlobalSection
	GlobalSection(SolutionProperties) = preSolution
		HideSolutionNode = FALSE
	EndGlobalSection
	GlobalSection(ExtensibilityGlobals) = postSolution
		SolutionGuid = {48816504-3DAA-4D6D-AB26-58D817AD6C56}
	EndGlobalSection
EndGlobal
